
Microsoft Visual Studio Solution File, Format Version 12.00
# Visual Studio Version 17
VisualStudioVersion = 17.12.35527.113 d17.12
MinimumVisualStudioVersion = 10.0.40219.1
Project("{FAE04EC0-301F-11D3-BF4B-00C04F79EFBC}") = "XMLWrite", "XMLWrite\XMLWrite.csproj", "{4402ECE0-72EE-4E19-A7A1-22261E73D8CD}"
EndProject
Global
	GlobalSection(SolutionConfigurationPlatforms) = preSolution
		Debug|Any CPU = Debug|Any CPU
		Release|Any CPU = Release|Any CPU
	EndGlobalSection
	GlobalSection(ProjectConfigurationPlatforms) = postSolution
		{4402ECE0-72EE-4E19-A7A1-22261E73D8CD}.Debug|Any CPU.ActiveCfg = Release|Any CPU
		{4402ECE0-72EE-4E19-A7A1-22261E73D8CD}.Debug|Any CPU.Build.0 = Release|Any CPU
		{4402ECE0-72EE-4E19-A7A1-22261E73D8CD}.Release|Any CPU.ActiveCfg = Release|Any CPU
		{4402ECE0-72EE-4E19-A7A1-22261E73D8CD}.Release|Any CPU.Build.0 = Release|Any CPU
	EndGlobalSection
	GlobalSection(SolutionProperties) = preSolution
		HideSolutionNode = FALSE
	EndGlobalSection
EndGlobal
